// !$*UTF8*$!
{
	archiveVersion = 1;
	classes = {
	};
	objectVersion = 46;
	objects = {

/* Begin PBXBuildFile section */
		7BED66161C02CFE300D2FB4E /* AppDelegate.swift in Sources */ = {isa = PBXBuildFile; fileRef = 7BED66151C02CFE300D2FB4E /* AppDelegate.swift */; };
		7BED66181C02CFE300D2FB4E /* ViewController.swift in Sources */ = {isa = PBXBuildFile; fileRef = 7BED66171C02CFE300D2FB4E /* ViewController.swift */; };
		7BED661B1C02CFE300D2FB4E /* Main.storyboard in Resources */ = {isa = PBXBuildFile; fileRef = 7BED66191C02CFE300D2FB4E /* Main.storyboard */; };
		7BED661D1C02CFE300D2FB4E /* Assets.xcassets in Resources */ = {isa = PBXBuildFile; fileRef = 7BED661C1C02CFE300D2FB4E /* Assets.xcassets */; };
		7BED66201C02CFE300D2FB4E /* LaunchScreen.storyboard in Resources */ = {isa = PBXBuildFile; fileRef = 7BED661E1C02CFE300D2FB4E /* LaunchScreen.storyboard */; };
		7BED66291C02D0EA00D2FB4E /* PopViewController.swift in Sources */ = {isa = PBXBuildFile; fileRef = 7BED66271C02D0EA00D2FB4E /* PopViewController.swift */; };
		7BED662A1C02D0EA00D2FB4E /* PopViewController.xib in Resources */ = {isa = PBXBuildFile; fileRef = 7BED66281C02D0EA00D2FB4E /* PopViewController.xib */; };
/* End PBXBuildFile section */

/* Begin PBXFileReference section */
		7BED66121C02CFE300D2FB4E /* PopoverController-Test.app */ = {isa = PBXFileReference; explicitFileType = wrapper.application; includeInIndex = 0; path = "PopoverController-Test.app"; sourceTree = BUILT_PRODUCTS_DIR; };
		7BED66151C02CFE300D2FB4E /* AppDelegate.swift */ = {isa = PBXFileReference; lastKnownFileType = sourcecode.swift; path = AppDelegate.swift; sourceTree = "<group>"; };
		7BED66171C02CFE300D2FB4E /* ViewController.swift */ = {isa = PBXFileReference; lastKnownFileType = sourcecode.swift; path = ViewController.swift; sourceTree = "<group>"; };
		7BED661A1C02CFE300D2FB4E /* Base */ = {isa = PBXFileReference; lastKnownFileType = file.storyboard; name = Base; path = Base.lproj/Main.storyboard; sourceTree = "<group>"; };
		7BED661C1C02CFE300D2FB4E /* Assets.xcassets */ = {isa = PBXFileReference; lastKnownFileType = folder.assetcatalog; path = Assets.xcassets; sourceTree = "<group>"; };
		7BED661F1C02CFE300D2FB4E /* Base */ = {isa = PBXFileReference; lastKnownFileType = file.storyboard; name = Base; path = Base.lproj/LaunchScreen.storyboard; sourceTree = "<group>"; };
		7BED66211C02CFE300D2FB4E /* Info.plist */ = {isa = PBXFileReference; lastKnownFileType = text.plist.xml; path = Info.plist; sourceTree = "<group>"; };
		7BED66271C02D0EA00D2FB4E /* PopViewController.swift */ = {isa = PBXFileReference; fileEncoding = 4; lastKnownFileType = sourcecode.swift; path = PopViewController.swift; sourceTree = "<group>"; };
		7BED66281C02D0EA00D2FB4E /* PopViewController.xib */ = {isa = PBXFileReference; fileEncoding = 4; lastKnownFileType = file.xib; path = PopViewController.xib; sourceTree = "<group>"; };
/* End PBXFileReference section */

/* Begin PBXFrameworksBuildPhase section */
		7BED660F1C02CFE300D2FB4E /* Frameworks */ = {
			isa = PBXFrameworksBuildPhase;
			buildActionMask = 2147483647;
			files = (
			);
			runOnlyForDeploymentPostprocessing = 0;
		};
/* End PBXFrameworksBuildPhase section */

/* Begin PBXGroup section */
		7BED66091C02CFE300D2FB4E = {
			isa = PBXGroup;
			children = (
				7BED66141C02CFE300D2FB4E /* PopoverController-Test */,
				7BED66131C02CFE300D2FB4E /* Products */,
			);
			sourceTree = "<group>";
		};
		7BED66131C02CFE300D2FB4E /* Products */ = {
			isa = PBXGroup;
			children = (
				7BED66121C02CFE300D2FB4E /* PopoverController-Test.app */,
			);
			name = Products;
			sourceTree = "<group>";
		};
		7BED66141C02CFE300D2FB4E /* PopoverController-Test */ = {
			isa = PBXGroup;
			children = (
				7BED66151C02CFE300D2FB4E /* AppDelegate.swift */,
				7BED66171C02CFE300D2FB4E /* ViewController.swift */,
				7BED66191C02CFE300D2FB4E /* Main.storyboard */,
				7BED66271C02D0EA00D2FB4E /* PopViewController.swift */,
				7BED66281C02D0EA00D2FB4E /* PopViewController.xib */,
				7BED661C1C02CFE300D2FB4E /* Assets.xcassets */,
				7BED661E1C02CFE300D2FB4E /* LaunchScreen.storyboard */,
				7BED66211C02CFE300D2FB4E /* Info.plist */,
			);
			path = "PopoverController-Test";
			sourceTree = "<group>";
		};
/* End PBXGroup section */

/* Begin PBXNativeTarget section */
		7BED66111C02CFE300D2FB4E /* PopoverController-Test */ = {
			isa = PBXNativeTarget;
			buildConfigurationList = 7BED66241C02CFE300D2FB4E /* Build configuration list for PBXNativeTarget "PopoverController-Test" */;
			buildPhases = (
				7BED660E1C02CFE300D2FB4E /* Sources */,
				7BED660F1C02CFE300D2FB4E /* Frameworks */,
				7BED66101C02CFE300D2FB4E /* Resources */,
			);
			buildRules = (
			);
			dependencies = (
			);
			name = "PopoverController-Test";
			productName = "PopoverController-Test";
			productReference = 7BED66121C02CFE300D2FB4E /* PopoverController-Test.app */;
			productType = "com.apple.product-type.application";
		};
/* End PBXNativeTarget section */

/* Begin PBXProject section */
		7BED660A1C02CFE300D2FB4E /* Project object */ = {
			isa = PBXProject;
			attributes = {
				LastSwiftUpdateCheck = 0710;
				LastUpgradeCheck = 0710;
				ORGANIZATIONNAME = "mitchell hudson";
				TargetAttributes = {
					7BED66111C02CFE300D2FB4E = {
						CreatedOnToolsVersion = 7.1.1;
					};
				};
			};
			buildConfigurationList = 7BED660D1C02CFE300D2FB4E /* Build configuration list for PBXProject "PopoverController-Test" */;
			compatibilityVersion = "Xcode 3.2";
			developmentRegion = English;
			hasScannedForEncodings = 0;
			knownRegions = (
				en,
				Base,
			);
			mainGroup = 7BED66091C02CFE300D2FB4E;
			productRefGroup = 7BED66131C02CFE300D2FB4E /* Products */;
			projectDirPath = "";
			projectRoot = "";
			targets = (
				7BED66111C02CFE300D2FB4E /* PopoverController-Test */,
			);
		};
/* End PBXProject section */

/* Begin PBXResourcesBuildPhase section */
		7BED66101C02CFE300D2FB4E /* Resources */ = {
			isa = PBXResourcesBuildPhase;
			buildActionMask = 2147483647;
			files = (
				7BED662A1C02D0EA00D2FB4E /* PopViewController.xib in Resources */,
				7BED66201C02CFE300D2FB4E /* LaunchScreen.storyboard in Resources */,
				7BED661D1C02CFE300D2FB4E /* Assets.xcassets in Resources */,
				7BED661B1C02CFE300D2FB4E /* Main.storyboard in Resources */,
			);
			runOnlyForDeploymentPostprocessing = 0;
		};
/* End PBXResourcesBuildPhase section */

/* Begin PBXSourcesBuildPhase section */
		7BED660E1C02CFE300D2FB4E /* Sources */ = {
			isa = PBXSourcesBuildPhase;
			buildActionMask = 2147483647;
			files = (
				7BED66181C02CFE300D2FB4E /* ViewController.swift in Sources */,
				7BED66161C02CFE300D2FB4E /* AppDelegate.swift in Sources */,
				7BED66291C02D0EA00D2FB4E /* PopViewController.swift in Sources */,
			);
			runOnlyForDeploymentPostprocessing = 0;
		};
/* End PBXSourcesBuildPhase section */

/* Begin PBXVariantGroup section */
		7BED66191C02CFE300D2FB4E /* Main.storyboard */ = {
			isa = PBXVariantGroup;
			children = (
				7BED661A1C02CFE300D2FB4E /* Base */,
			);
			name = Main.storyboard;
			sourceTree = "<group>";
		};
		7BED661E1C02CFE300D2FB4E /* LaunchScreen.storyboard */ = {
			isa = PBXVariantGroup;
			children = (
				7BED661F1C02CFE300D2FB4E /* Base */,
			);
			name = LaunchScreen.storyboard;
			sourceTree = "<group>";
		};
/* End PBXVariantGroup section */

/* Begin XCBuildConfiguration section */
		7BED66221C02CFE300D2FB4E /* Debug */ = {
			isa = XCBuildConfiguration;
			buildSettings = {
				ALWAYS_SEARCH_USER_PATHS = NO;
				CLANG_CXX_LANGUAGE_STANDARD = "gnu++0x";
				CLANG_CXX_LIBRARY = "libc++";
				CLANG_ENABLE_MODULES = YES;
				CLANG_ENABLE_OBJC_ARC = YES;
				CLANG_WARN_BOOL_CONVERSION = YES;
				CLANG_WARN_CONSTANT_CONVERSION = YES;
				CLANG_WARN_DIRECT_OBJC_ISA_USAGE = YES_ERROR;
				CLANG_WARN_EMPTY_BODY = YES;
				CLANG_WARN_ENUM_CONVERSION = YES;
				CLANG_WARN_INT_CONVERSION = YES;
				CLANG_WARN_OBJC_ROOT_CLASS = YES_ERROR;
				CLANG_WARN_UNREACHABLE_CODE = YES;
				CLANG_WARN__DUPLICATE_METHOD_MATCH = YES;
				"CODE_SIGN_IDENTITY[sdk=iphoneos*]" = "iPhone Developer";
				COPY_PHASE_STRIP = NO;
				DEBUG_INFORMATION_FORMAT = dwarf;
				ENABLE_STRICT_OBJC_MSGSEND = YES;
				ENABLE_TESTABILITY = YES;
				GCC_C_LANGUAGE_STANDARD = gnu99;
				GCC_DYNAMIC_NO_PIC = NO;
				GCC_NO_COMMON_BLOCKS = YES;
				GCC_OPTIMIZATION_LEVEL = 0;
				GCC_PREPROCESSOR_DEFINITIONS = (
					"DEBUG=1",
					"$(inherited)",
				);
				GCC_WARN_64_TO_32_BIT_CONVERSION = YES;
				GCC_WARN_ABOUT_RETURN_TYPE = YES_ERROR;
				GCC_WARN_UNDECLARED_SELECTOR = YES;
				GCC_WARN_UNINITIALIZED_AUTOS = YES_AGGRESSIVE;
				GCC_WARN_UNUSED_FUNCTION = YES;
				GCC_WARN_UNUSED_VARIABLE = YES;
				IPHONEOS_DEPLOYMENT_TARGET = 9.1;
				MTL_ENABLE_DEBUG_INFO = YES;
				ONLY_ACTIVE_ARCH = YES;
				SDKROOT = iphoneos;
				SWIFT_OPTIMIZATION_LEVEL = "-Onone";
			};
			name = Debug;
		};
		7BED66231C02CFE300D2FB4E /* Release */ = {
			isa = XCBuildConfiguration;
			buildSettings = {
				ALWAYS_SEARCH_USER_PATHS = NO;
				CLANG_CXX_LANGUAGE_STANDARD = "gnu++0x";
				CLANG_CXX_LIBRARY = "libc++";
				CLANG_ENABLE_MODULES = YES;
				CLANG_ENABLE_OBJC_ARC = YES;
				CLANG_WARN_BOOL_CONVERSION = YES;
				CLANG_WARN_CONSTANT_CONVERSION = YES;
				CLANG_WARN_DIRECT_OBJC_ISA_USAGE = YES_ERROR;
				CLANG_WARN_EMPTY_BODY = YES;
				CLANG_WARN_ENUM_CONVERSION = YES;
				CLANG_WARN_INT_CONVERSION = YES;
				CLANG_WARN_OBJC_ROOT_CLASS = YES_ERROR;
				CLANG_WARN_UNREACHABLE_CODE = YES;
				CLANG_WARN__DUPLICATE_METHOD_MATCH = YES;
				"CODE_SIGN_IDENTITY[sdk=iphoneos*]" = "iPhone Developer";
				COPY_PHASE_STRIP = NO;
				DEBUG_INFORMATION_FORMAT = "dwarf-with-dsym";
				ENABLE_NS_ASSERTIONS = NO;
				ENABLE_STRICT_OBJC_MSGSEND = YES;
				GCC_C_LANGUAGE_STANDARD = gnu99;
				GCC_NO_COMMON_BLOCKS = YES;
				GCC_WARN_64_TO_32_BIT_CONVERSION = YES;
				GCC_WARN_ABOUT_RETURN_TYPE = YES_ERROR;
				GCC_WARN_UNDECLARED_SELECTOR = YES;
				GCC_WARN_UNINITIALIZED_AUTOS = YES_AGGRESSIVE;
				GCC_WARN_UNUSED_FUNCTION = YES;
				GCC_WARN_UNUSED_VARIABLE = YES;
				IPHONEOS_DEPLOYMENT_TARGET = 9.1;
				MTL_ENABLE_DEBUG_INFO = NO;
				SDKROOT = iphoneos;
				VALIDATE_PRODUCT = YES;
			};
			name = Release;
		};
		7BED66251C02CFE300D2FB4E /* Debug */ = {
			isa = XCBuildConfiguration;
			buildSettings = {
				ASSETCATALOG_COMPILER_APPICON_NAME = AppIcon;
				INFOPLIST_FILE = "PopoverController-Test/Info.plist";
				LD_RUNPATH_SEARCH_PATHS = "$(inherited) @executable_path/Frameworks";
				PRODUCT_BUNDLE_IDENTIFIER = "com.webdevils.PopoverController-Test";
				PRODUCT_NAME = "$(TARGET_NAME)";
			};
			name = Debug;
		};
		7BED66261C02CFE300D2FB4E /* Release */ = {
			isa = XCBuildConfiguration;
			buildSettings = {
				ASSETCATALOG_COMPILER_APPICON_NAME = AppIcon;
				INFOPLIST_FILE = "PopoverController-Test/Info.plist";
				LD_RUNPATH_SEARCH_PATHS = "$(inherited) @executable_path/Frameworks";
				PRODUCT_BUNDLE_IDENTIFIER = "com.webdevils.PopoverController-Test";
				PRODUCT_NAME = "$(TARGET_NAME)";
			};
			name = Release;
		};
/* End XCBuildConfiguration section */

/* Begin XCConfigurationList section */
		7BED660D1C02CFE300D2FB4E /* Build configuration list for PBXProject "PopoverController-Test" */ = {
			isa = XCConfigurationList;
			buildConfigurations = (
				7BED66221C02CFE300D2FB4E /* Debug */,
				7BED66231C02CFE300D2FB4E /* Release */,
			);
			defaultConfigurationIsVisible = 0;
			defaultConfigurationName = Release;
		};
		7BED66241C02CFE300D2FB4E /* Build configuration list for PBXNativeTarget "PopoverController-Test" */ = {
			isa = XCConfigurationList;
			buildConfigurations = (
				7BED66251C02CFE300D2FB4E /* Debug */,
				7BED66261C02CFE300D2FB4E /* Release */,
			);
			defaultConfigurationIsVisible = 0;
		};
/* End XCConfigurationList section */
	};
	rootObject = 7BED660A1C02CFE300D2FB4E /* Project object */;
}
